// !$*UTF8*$!
{
	archiveVersion = 1;
	classes = {
	};
	objectVersion = 56;
	objects = {

/* Begin PBXBuildFile section */
		F54AB2242A1ABF9E00BFF560 /* WidgetTestingKitApp.swift in Sources */ = {isa = PBXBuildFile; fileRef = F54AB2232A1ABF9E00BFF560 /* WidgetTestingKitApp.swift */; };
		F54AB2262A1ABF9E00BFF560 /* ContentView.swift in Sources */ = {isa = PBXBuildFile; fileRef = F54AB2252A1ABF9E00BFF560 /* ContentView.swift */; };
		F54AB2282A1ABF9F00BFF560 /* Assets.xcassets in Resources */ = {isa = PBXBuildFile; fileRef = F54AB2272A1ABF9F00BFF560 /* Assets.xcassets */; };
		F54AB22B2A1ABF9F00BFF560 /* Preview Assets.xcassets in Resources */ = {isa = PBXBuildFile; fileRef = F54AB22A2A1ABF9F00BFF560 /* Preview Assets.xcassets */; };
		F54AB2382A1AC04500BFF560 /* WidgetKit.framework in Frameworks */ = {isa = PBXBuildFile; fileRef = F54AB2372A1AC04500BFF560 /* WidgetKit.framework */; };
		F54AB23A2A1AC04500BFF560 /* SwiftUI.framework in Frameworks */ = {isa = PBXBuildFile; fileRef = F54AB2392A1AC04500BFF560 /* SwiftUI.framework */; };
		F54AB23D2A1AC04500BFF560 /* WidgetExtensionBundle.swift in Sources */ = {isa = PBXBuildFile; fileRef = F54AB23C2A1AC04500BFF560 /* WidgetExtensionBundle.swift */; };
		F54AB23F2A1AC04500BFF560 /* WidgetExtension.swift in Sources */ = {isa = PBXBuildFile; fileRef = F54AB23E2A1AC04500BFF560 /* WidgetExtension.swift */; };
		F54AB2422A1AC04700BFF560 /* Assets.xcassets in Resources */ = {isa = PBXBuildFile; fileRef = F54AB2412A1AC04700BFF560 /* Assets.xcassets */; };
		F54AB2442A1AC04700BFF560 /* WidgetExtension.intentdefinition in Sources */ = {isa = PBXBuildFile; fileRef = F54AB2402A1AC04500BFF560 /* WidgetExtension.intentdefinition */; };
		F54AB2452A1AC04700BFF560 /* WidgetExtension.intentdefinition in Sources */ = {isa = PBXBuildFile; fileRef = F54AB2402A1AC04500BFF560 /* WidgetExtension.intentdefinition */; };
		F54AB2482A1AC04700BFF560 /* WidgetExtensionExtension.appex in Embed Foundation Extensions */ = {isa = PBXBuildFile; fileRef = F54AB2352A1AC04500BFF560 /* WidgetExtensionExtension.appex */; settings = {ATTRIBUTES = (RemoveHeadersOnCopy, ); }; };
		F54AB2772A1AC6BA00BFF560 /* Intents.framework in Frameworks */ = {isa = PBXBuildFile; fileRef = F54AB2762A1AC6BA00BFF560 /* Intents.framework */; };
		F54AB27A2A1AC6BA00BFF560 /* IntentHandler.swift in Sources */ = {isa = PBXBuildFile; fileRef = F54AB2792A1AC6BA00BFF560 /* IntentHandler.swift */; };
		F54AB27E2A1AC6BA00BFF560 /* IntentExtension.appex in Embed Foundation Extensions */ = {isa = PBXBuildFile; fileRef = F54AB2752A1AC6BA00BFF560 /* IntentExtension.appex */; settings = {ATTRIBUTES = (RemoveHeadersOnCopy, ); }; };
		F54AB2822A1AC71100BFF560 /* IntentHandler.swift in Sources */ = {isa = PBXBuildFile; fileRef = F54AB2792A1AC6BA00BFF560 /* IntentHandler.swift */; };
		F54AB2832A1AC71C00BFF560 /* WidgetExtension.intentdefinition in Sources */ = {isa = PBXBuildFile; fileRef = F54AB2402A1AC04500BFF560 /* WidgetExtension.intentdefinition */; };
		F54AB2842A1AC83800BFF560 /* IntentHandler.swift in Sources */ = {isa = PBXBuildFile; fileRef = F54AB2792A1AC6BA00BFF560 /* IntentHandler.swift */; };
		F54AB2D02A1AD07900BFF560 /* Images in Resources */ = {isa = PBXBuildFile; fileRef = F54AB2CF2A1AD07900BFF560 /* Images */; };
		F54AB2D12A1AD07900BFF560 /* Images in Resources */ = {isa = PBXBuildFile; fileRef = F54AB2CF2A1AD07900BFF560 /* Images */; };
		F54AB2D22A1AD07900BFF560 /* Images in Resources */ = {isa = PBXBuildFile; fileRef = F54AB2CF2A1AD07900BFF560 /* Images */; };
/* End PBXBuildFile section */

/* Begin PBXContainerItemProxy section */
		F54AB2462A1AC04700BFF560 /* PBXContainerItemProxy */ = {
			isa = PBXContainerItemProxy;
			containerPortal = F54AB2182A1ABF9E00BFF560 /* Project object */;
			proxyType = 1;
			remoteGlobalIDString = F54AB2342A1AC04500BFF560;
			remoteInfo = WidgetExtensionExtension;
		};
		F54AB27C2A1AC6BA00BFF560 /* PBXContainerItemProxy */ = {
			isa = PBXContainerItemProxy;
			containerPortal = F54AB2182A1ABF9E00BFF560 /* Project object */;
			proxyType = 1;
			remoteGlobalIDString = F54AB2742A1AC6BA00BFF560;
			remoteInfo = IntentExtension;
		};
/* End PBXContainerItemProxy section */

/* Begin PBXCopyFilesBuildPhase section */
		F54AB24C2A1AC04700BFF560 /* Embed Foundation Extensions */ = {
			isa = PBXCopyFilesBuildPhase;
			buildActionMask = 2147483647;
			dstPath = "";
			dstSubfolderSpec = 13;
			files = (
				F54AB27E2A1AC6BA00BFF560 /* IntentExtension.appex in Embed Foundation Extensions */,
				F54AB2482A1AC04700BFF560 /* WidgetExtensionExtension.appex in Embed Foundation Extensions */,
			);
			name = "Embed Foundation Extensions";
			runOnlyForDeploymentPostprocessing = 0;
		};
/* End PBXCopyFilesBuildPhase section */

/* Begin PBXFileReference section */
		F54AB2202A1ABF9E00BFF560 /* WidgetTestingKit.app */ = {isa = PBXFileReference; explicitFileType = wrapper.application; includeInIndex = 0; path = WidgetTestingKit.app; sourceTree = BUILT_PRODUCTS_DIR; };
		F54AB2232A1ABF9E00BFF560 /* WidgetTestingKitApp.swift */ = {isa = PBXFileReference; lastKnownFileType = sourcecode.swift; path = WidgetTestingKitApp.swift; sourceTree = "<group>"; };
		F54AB2252A1ABF9E00BFF560 /* ContentView.swift */ = {isa = PBXFileReference; lastKnownFileType = sourcecode.swift; path = ContentView.swift; sourceTree = "<group>"; };
		F54AB2272A1ABF9F00BFF560 /* Assets.xcassets */ = {isa = PBXFileReference; lastKnownFileType = folder.assetcatalog; path = Assets.xcassets; sourceTree = "<group>"; };
		F54AB22A2A1ABF9F00BFF560 /* Preview Assets.xcassets */ = {isa = PBXFileReference; lastKnownFileType = folder.assetcatalog; path = "Preview Assets.xcassets"; sourceTree = "<group>"; };
		F54AB2352A1AC04500BFF560 /* WidgetExtensionExtension.appex */ = {isa = PBXFileReference; explicitFileType = "wrapper.app-extension"; includeInIndex = 0; path = WidgetExtensionExtension.appex; sourceTree = BUILT_PRODUCTS_DIR; };
		F54AB2372A1AC04500BFF560 /* WidgetKit.framework */ = {isa = PBXFileReference; lastKnownFileType = wrapper.framework; name = WidgetKit.framework; path = System/Library/Frameworks/WidgetKit.framework; sourceTree = SDKROOT; };
		F54AB2392A1AC04500BFF560 /* SwiftUI.framework */ = {isa = PBXFileReference; lastKnownFileType = wrapper.framework; name = SwiftUI.framework; path = System/Library/Frameworks/SwiftUI.framework; sourceTree = SDKROOT; };
		F54AB23C2A1AC04500BFF560 /* WidgetExtensionBundle.swift */ = {isa = PBXFileReference; lastKnownFileType = sourcecode.swift; path = WidgetExtensionBundle.swift; sourceTree = "<group>"; };
		F54AB23E2A1AC04500BFF560 /* WidgetExtension.swift */ = {isa = PBXFileReference; lastKnownFileType = sourcecode.swift; path = WidgetExtension.swift; sourceTree = "<group>"; };
		F54AB2402A1AC04500BFF560 /* WidgetExtension.intentdefinition */ = {isa = PBXFileReference; lastKnownFileType = file.intentdefinition; path = WidgetExtension.intentdefinition; sourceTree = "<group>"; };
		F54AB2412A1AC04700BFF560 /* Assets.xcassets */ = {isa = PBXFileReference; lastKnownFileType = folder.assetcatalog; path = Assets.xcassets; sourceTree = "<group>"; };
		F54AB2432A1AC04700BFF560 /* Info.plist */ = {isa = PBXFileReference; lastKnownFileType = text.plist.xml; path = Info.plist; sourceTree = "<group>"; };
		F54AB2752A1AC6BA00BFF560 /* IntentExtension.appex */ = {isa = PBXFileReference; explicitFileType = "wrapper.app-extension"; includeInIndex = 0; path = IntentExtension.appex; sourceTree = BUILT_PRODUCTS_DIR; };
		F54AB2762A1AC6BA00BFF560 /* Intents.framework */ = {isa = PBXFileReference; lastKnownFileType = wrapper.framework; name = Intents.framework; path = System/Library/Frameworks/Intents.framework; sourceTree = SDKROOT; };
		F54AB2792A1AC6BA00BFF560 /* IntentHandler.swift */ = {isa = PBXFileReference; lastKnownFileType = sourcecode.swift; path = IntentHandler.swift; sourceTree = "<group>"; };
		F54AB27B2A1AC6BA00BFF560 /* Info.plist */ = {isa = PBXFileReference; lastKnownFileType = text.plist.xml; path = Info.plist; sourceTree = "<group>"; };
		F54AB2852A1ACC6A00BFF560 /* WidgetTestingKit.entitlements */ = {isa = PBXFileReference; lastKnownFileType = text.plist.entitlements; path = WidgetTestingKit.entitlements; sourceTree = "<group>"; };
		F54AB2862A1ACC8D00BFF560 /* WidgetExtensionExtension.entitlements */ = {isa = PBXFileReference; lastKnownFileType = text.plist.entitlements; path = WidgetExtensionExtension.entitlements; sourceTree = "<group>"; };
		F54AB2CF2A1AD07900BFF560 /* Images */ = {isa = PBXFileReference; lastKnownFileType = folder; path = Images; sourceTree = "<group>"; };
		F54AB2D32A1AD4A400BFF560 /* IntentExtension.entitlements */ = {isa = PBXFileReference; fileEncoding = 4; lastKnownFileType = text.plist.entitlements; path = IntentExtension.entitlements; sourceTree = "<group>"; };
/* End PBXFileReference section */

/* Begin PBXFrameworksBuildPhase section */
		F54AB21D2A1ABF9E00BFF560 /* Frameworks */ = {
			isa = PBXFrameworksBuildPhase;
			buildActionMask = 2147483647;
			files = (
			);
			runOnlyForDeploymentPostprocessing = 0;
		};
		F54AB2322A1AC04500BFF560 /* Frameworks */ = {
			isa = PBXFrameworksBuildPhase;
			buildActionMask = 2147483647;
			files = (
				F54AB23A2A1AC04500BFF560 /* SwiftUI.framework in Frameworks */,
				F54AB2382A1AC04500BFF560 /* WidgetKit.framework in Frameworks */,
			);
			runOnlyForDeploymentPostprocessing = 0;
		};
		F54AB2722A1AC6BA00BFF560 /* Frameworks */ = {
			isa = PBXFrameworksBuildPhase;
			buildActionMask = 2147483647;
			files = (
				F54AB2772A1AC6BA00BFF560 /* Intents.framework in Frameworks */,
			);
			runOnlyForDeploymentPostprocessing = 0;
		};
/* End PBXFrameworksBuildPhase section */

/* Begin PBXGroup section */
		F54AB2172A1ABF9E00BFF560 = {
			isa = PBXGroup;
			children = (
				F54AB2862A1ACC8D00BFF560 /* WidgetExtensionExtension.entitlements */,
				F54AB2222A1ABF9E00BFF560 /* WidgetTestingKit */,
				F54AB23B2A1AC04500BFF560 /* WidgetExtension */,
				F54AB2782A1AC6BA00BFF560 /* IntentExtension */,
				F54AB2362A1AC04500BFF560 /* Frameworks */,
				F54AB2212A1ABF9E00BFF560 /* Products */,
			);
			sourceTree = "<group>";
		};
		F54AB2212A1ABF9E00BFF560 /* Products */ = {
			isa = PBXGroup;
			children = (
				F54AB2202A1ABF9E00BFF560 /* WidgetTestingKit.app */,
				F54AB2352A1AC04500BFF560 /* WidgetExtensionExtension.appex */,
				F54AB2752A1AC6BA00BFF560 /* IntentExtension.appex */,
			);
			name = Products;
			sourceTree = "<group>";
		};
		F54AB2222A1ABF9E00BFF560 /* WidgetTestingKit */ = {
			isa = PBXGroup;
			children = (
				F54AB2852A1ACC6A00BFF560 /* WidgetTestingKit.entitlements */,
				F54AB2232A1ABF9E00BFF560 /* WidgetTestingKitApp.swift */,
				F54AB2252A1ABF9E00BFF560 /* ContentView.swift */,
				F54AB2272A1ABF9F00BFF560 /* Assets.xcassets */,
				F54AB2CF2A1AD07900BFF560 /* Images */,
				F54AB2292A1ABF9F00BFF560 /* Preview Content */,
			);
			path = WidgetTestingKit;
			sourceTree = "<group>";
		};
		F54AB2292A1ABF9F00BFF560 /* Preview Content */ = {
			isa = PBXGroup;
			children = (
				F54AB22A2A1ABF9F00BFF560 /* Preview Assets.xcassets */,
			);
			path = "Preview Content";
			sourceTree = "<group>";
		};
		F54AB2362A1AC04500BFF560 /* Frameworks */ = {
			isa = PBXGroup;
			children = (
				F54AB2372A1AC04500BFF560 /* WidgetKit.framework */,
				F54AB2392A1AC04500BFF560 /* SwiftUI.framework */,
				F54AB2762A1AC6BA00BFF560 /* Intents.framework */,
			);
			name = Frameworks;
			sourceTree = "<group>";
		};
		F54AB23B2A1AC04500BFF560 /* WidgetExtension */ = {
			isa = PBXGroup;
			children = (
				F54AB23C2A1AC04500BFF560 /* WidgetExtensionBundle.swift */,
				F54AB23E2A1AC04500BFF560 /* WidgetExtension.swift */,
				F54AB2402A1AC04500BFF560 /* WidgetExtension.intentdefinition */,
				F54AB2412A1AC04700BFF560 /* Assets.xcassets */,
				F54AB2432A1AC04700BFF560 /* Info.plist */,
			);
			path = WidgetExtension;
			sourceTree = "<group>";
		};
		F54AB2782A1AC6BA00BFF560 /* IntentExtension */ = {
			isa = PBXGroup;
			children = (
				F54AB2D32A1AD4A400BFF560 /* IntentExtension.entitlements */,
				F54AB2792A1AC6BA00BFF560 /* IntentHandler.swift */,
				F54AB27B2A1AC6BA00BFF560 /* Info.plist */,
			);
			path = IntentExtension;
			sourceTree = "<group>";
		};
/* End PBXGroup section */

/* Begin PBXNativeTarget section */
		F54AB21F2A1ABF9E00BFF560 /* WidgetTestingKit */ = {
			isa = PBXNativeTarget;
			buildConfigurationList = F54AB22E2A1ABF9F00BFF560 /* Build configuration list for PBXNativeTarget "WidgetTestingKit" */;
			buildPhases = (
				F54AB21C2A1ABF9E00BFF560 /* Sources */,
				F54AB21D2A1ABF9E00BFF560 /* Frameworks */,
				F54AB21E2A1ABF9E00BFF560 /* Resources */,
				F54AB24C2A1AC04700BFF560 /* Embed Foundation Extensions */,
			);
			buildRules = (
			);
			dependencies = (
				F54AB2472A1AC04700BFF560 /* PBXTargetDependency */,
				F54AB27D2A1AC6BA00BFF560 /* PBXTargetDependency */,
			);
			name = WidgetTestingKit;
			productName = WidgetTestingKit;
			productReference = F54AB2202A1ABF9E00BFF560 /* WidgetTestingKit.app */;
			productType = "com.apple.product-type.application";
		};
		F54AB2342A1AC04500BFF560 /* WidgetExtensionExtension */ = {
			isa = PBXNativeTarget;
			buildConfigurationList = F54AB2492A1AC04700BFF560 /* Build configuration list for PBXNativeTarget "WidgetExtensionExtension" */;
			buildPhases = (
				F54AB2312A1AC04500BFF560 /* Sources */,
				F54AB2322A1AC04500BFF560 /* Frameworks */,
				F54AB2332A1AC04500BFF560 /* Resources */,
			);
			buildRules = (
			);
			dependencies = (
			);
			name = WidgetExtensionExtension;
			productName = WidgetExtensionExtension;
			productReference = F54AB2352A1AC04500BFF560 /* WidgetExtensionExtension.appex */;
			productType = "com.apple.product-type.app-extension";
		};
		F54AB2742A1AC6BA00BFF560 /* IntentExtension */ = {
			isa = PBXNativeTarget;
			buildConfigurationList = F54AB27F2A1AC6BA00BFF560 /* Build configuration list for PBXNativeTarget "IntentExtension" */;
			buildPhases = (
				F54AB2712A1AC6BA00BFF560 /* Sources */,
				F54AB2722A1AC6BA00BFF560 /* Frameworks */,
				F54AB2732A1AC6BA00BFF560 /* Resources */,
			);
			buildRules = (
			);
			dependencies = (
			);
			name = IntentExtension;
			productName = IntentExtension;
			productReference = F54AB2752A1AC6BA00BFF560 /* IntentExtension.appex */;
			productType = "com.apple.product-type.app-extension";
		};
/* End PBXNativeTarget section */

/* Begin PBXProject section */
		F54AB2182A1ABF9E00BFF560 /* Project object */ = {
			isa = PBXProject;
			attributes = {
				BuildIndependentTargetsInParallel = 1;
				LastSwiftUpdateCheck = 1420;
				LastUpgradeCheck = 1420;
				TargetAttributes = {
					F54AB21F2A1ABF9E00BFF560 = {
						CreatedOnToolsVersion = 14.2;
					};
					F54AB2342A1AC04500BFF560 = {
						CreatedOnToolsVersion = 14.2;
					};
					F54AB2742A1AC6BA00BFF560 = {
						CreatedOnToolsVersion = 14.2;
					};
				};
			};
			buildConfigurationList = F54AB21B2A1ABF9E00BFF560 /* Build configuration list for PBXProject "WidgetTestingKit" */;
			compatibilityVersion = "Xcode 14.0";
			developmentRegion = en;
			hasScannedForEncodings = 0;
			knownRegions = (
				en,
				Base,
			);
			mainGroup = F54AB2172A1ABF9E00BFF560;
			productRefGroup = F54AB2212A1ABF9E00BFF560 /* Products */;
			projectDirPath = "";
			projectRoot = "";
			targets = (
				F54AB21F2A1ABF9E00BFF560 /* WidgetTestingKit */,
				F54AB2342A1AC04500BFF560 /* WidgetExtensionExtension */,
				F54AB2742A1AC6BA00BFF560 /* IntentExtension */,
			);
		};
/* End PBXProject section */

/* Begin PBXResourcesBuildPhase section */
		F54AB21E2A1ABF9E00BFF560 /* Resources */ = {
			isa = PBXResourcesBuildPhase;
			buildActionMask = 2147483647;
			files = (
				F54AB22B2A1ABF9F00BFF560 /* Preview Assets.xcassets in Resources */,
				F54AB2D02A1AD07900BFF560 /* Images in Resources */,
				F54AB2282A1ABF9F00BFF560 /* Assets.xcassets in Resources */,
			);
			runOnlyForDeploymentPostprocessing = 0;
		};
		F54AB2332A1AC04500BFF560 /* Resources */ = {
			isa = PBXResourcesBuildPhase;
			buildActionMask = 2147483647;
			files = (
				F54AB2D12A1AD07900BFF560 /* Images in Resources */,
				F54AB2422A1AC04700BFF560 /* Assets.xcassets in Resources */,
			);
			runOnlyForDeploymentPostprocessing = 0;
		};
		F54AB2732A1AC6BA00BFF560 /* Resources */ = {
			isa = PBXResourcesBuildPhase;
			buildActionMask = 2147483647;
			files = (
				F54AB2D22A1AD07900BFF560 /* Images in Resources */,
			);
			runOnlyForDeploymentPostprocessing = 0;
		};
/* End PBXResourcesBuildPhase section */

/* Begin PBXSourcesBuildPhase section */
		F54AB21C2A1ABF9E00BFF560 /* Sources */ = {
			isa = PBXSourcesBuildPhase;
			buildActionMask = 2147483647;
			files = (
				F54AB2262A1ABF9E00BFF560 /* ContentView.swift in Sources */,
				F54AB2242A1ABF9E00BFF560 /* WidgetTestingKitApp.swift in Sources */,
				F54AB2842A1AC83800BFF560 /* IntentHandler.swift in Sources */,
				F54AB2452A1AC04700BFF560 /* WidgetExtension.intentdefinition in Sources */,
			);
			runOnlyForDeploymentPostprocessing = 0;
		};
		F54AB2312A1AC04500BFF560 /* Sources */ = {
			isa = PBXSourcesBuildPhase;
			buildActionMask = 2147483647;
			files = (
				F54AB23D2A1AC04500BFF560 /* WidgetExtensionBundle.swift in Sources */,
				F54AB23F2A1AC04500BFF560 /* WidgetExtension.swift in Sources */,
				F54AB2822A1AC71100BFF560 /* IntentHandler.swift in Sources */,
				F54AB2442A1AC04700BFF560 /* WidgetExtension.intentdefinition in Sources */,
			);
			runOnlyForDeploymentPostprocessing = 0;
		};
		F54AB2712A1AC6BA00BFF560 /* Sources */ = {
			isa = PBXSourcesBuildPhase;
			buildActionMask = 2147483647;
			files = (
				F54AB2832A1AC71C00BFF560 /* WidgetExtension.intentdefinition in Sources */,
				F54AB27A2A1AC6BA00BFF560 /* IntentHandler.swift in Sources */,
			);
			runOnlyForDeploymentPostprocessing = 0;
		};
/* End PBXSourcesBuildPhase section */

/* Begin PBXTargetDependency section */
		F54AB2472A1AC04700BFF560 /* PBXTargetDependency */ = {
			isa = PBXTargetDependency;
			target = F54AB2342A1AC04500BFF560 /* WidgetExtensionExtension */;
			targetProxy = F54AB2462A1AC04700BFF560 /* PBXContainerItemProxy */;
		};
		F54AB27D2A1AC6BA00BFF560 /* PBXTargetDependency */ = {
			isa = PBXTargetDependency;
			target = F54AB2742A1AC6BA00BFF560 /* IntentExtension */;
			targetProxy = F54AB27C2A1AC6BA00BFF560 /* PBXContainerItemProxy */;
		};
/* End PBXTargetDependency section */

/* Begin XCBuildConfiguration section */
		F54AB22C2A1ABF9F00BFF560 /* Debug */ = {
			isa = XCBuildConfiguration;
			buildSettings = {
				ALWAYS_SEARCH_USER_PATHS = NO;
				CLANG_ANALYZER_NONNULL = YES;
				CLANG_ANALYZER_NUMBER_OBJECT_CONVERSION = YES_AGGRESSIVE;
				CLANG_CXX_LANGUAGE_STANDARD = "gnu++20";
				CLANG_ENABLE_MODULES = YES;
				CLANG_ENABLE_OBJC_ARC = YES;
				CLANG_ENABLE_OBJC_WEAK = YES;
				CLANG_WARN_BLOCK_CAPTURE_AUTORELEASING = YES;
				CLANG_WARN_BOOL_CONVERSION = YES;
				CLANG_WARN_COMMA = YES;
				CLANG_WARN_CONSTANT_CONVERSION = YES;
				CLANG_WARN_DEPRECATED_OBJC_IMPLEMENTATIONS = YES;
				CLANG_WARN_DIRECT_OBJC_ISA_USAGE = YES_ERROR;
				CLANG_WARN_DOCUMENTATION_COMMENTS = YES;
				CLANG_WARN_EMPTY_BODY = YES;
				CLANG_WARN_ENUM_CONVERSION = YES;
				CLANG_WARN_INFINITE_RECURSION = YES;
				CLANG_WARN_INT_CONVERSION = YES;
				CLANG_WARN_NON_LITERAL_NULL_CONVERSION = YES;
				CLANG_WARN_OBJC_IMPLICIT_RETAIN_SELF = YES;
				CLANG_WARN_OBJC_LITERAL_CONVERSION = YES;
				CLANG_WARN_OBJC_ROOT_CLASS = YES_ERROR;
				CLANG_WARN_QUOTED_INCLUDE_IN_FRAMEWORK_HEADER = YES;
				CLANG_WARN_RANGE_LOOP_ANALYSIS = YES;
				CLANG_WARN_STRICT_PROTOTYPES = YES;
				CLANG_WARN_SUSPICIOUS_MOVE = YES;
				CLANG_WARN_UNGUARDED_AVAILABILITY = YES_AGGRESSIVE;
				CLANG_WARN_UNREACHABLE_CODE = YES;
				CLANG_WARN__DUPLICATE_METHOD_MATCH = YES;
				COPY_PHASE_STRIP = NO;
				DEBUG_INFORMATION_FORMAT = dwarf;
				ENABLE_STRICT_OBJC_MSGSEND = YES;
				ENABLE_TESTABILITY = YES;
				GCC_C_LANGUAGE_STANDARD = gnu11;
				GCC_DYNAMIC_NO_PIC = NO;
				GCC_NO_COMMON_BLOCKS = YES;
				GCC_OPTIMIZATION_LEVEL = 0;
				GCC_PREPROCESSOR_DEFINITIONS = (
					"DEBUG=1",
					"$(inherited)",
				);
				GCC_WARN_64_TO_32_BIT_CONVERSION = YES;
				GCC_WARN_ABOUT_RETURN_TYPE = YES_ERROR;
				GCC_WARN_UNDECLARED_SELECTOR = YES;
				GCC_WARN_UNINITIALIZED_AUTOS = YES_AGGRESSIVE;
				GCC_WARN_UNUSED_FUNCTION = YES;
				GCC_WARN_UNUSED_VARIABLE = YES;
				IPHONEOS_DEPLOYMENT_TARGET = 16.2;
				MTL_ENABLE_DEBUG_INFO = INCLUDE_SOURCE;
				MTL_FAST_MATH = YES;
				ONLY_ACTIVE_ARCH = YES;
				SDKROOT = iphoneos;
				SWIFT_ACTIVE_COMPILATION_CONDITIONS = DEBUG;
				SWIFT_OPTIMIZATION_LEVEL = "-Onone";
			};
			name = Debug;
		};
		F54AB22D2A1ABF9F00BFF560 /* Release */ = {
			isa = XCBuildConfiguration;
			buildSettings = {
				ALWAYS_SEARCH_USER_PATHS = NO;
				CLANG_ANALYZER_NONNULL = YES;
				CLANG_ANALYZER_NUMBER_OBJECT_CONVERSION = YES_AGGRESSIVE;
				CLANG_CXX_LANGUAGE_STANDARD = "gnu++20";
				CLANG_ENABLE_MODULES = YES;
				CLANG_ENABLE_OBJC_ARC = YES;
				CLANG_ENABLE_OBJC_WEAK = YES;
				CLANG_WARN_BLOCK_CAPTURE_AUTORELEASING = YES;
				CLANG_WARN_BOOL_CONVERSION = YES;
				CLANG_WARN_COMMA = YES;
				CLANG_WARN_CONSTANT_CONVERSION = YES;
				CLANG_WARN_DEPRECATED_OBJC_IMPLEMENTATIONS = YES;
				CLANG_WARN_DIRECT_OBJC_ISA_USAGE = YES_ERROR;
				CLANG_WARN_DOCUMENTATION_COMMENTS = YES;
				CLANG_WARN_EMPTY_BODY = YES;
				CLANG_WARN_ENUM_CONVERSION = YES;
				CLANG_WARN_INFINITE_RECURSION = YES;
				CLANG_WARN_INT_CONVERSION = YES;
				CLANG_WARN_NON_LITERAL_NULL_CONVERSION = YES;
				CLANG_WARN_OBJC_IMPLICIT_RETAIN_SELF = YES;
				CLANG_WARN_OBJC_LITERAL_CONVERSION = YES;
				CLANG_WARN_OBJC_ROOT_CLASS = YES_ERROR;
				CLANG_WARN_QUOTED_INCLUDE_IN_FRAMEWORK_HEADER = YES;
				CLANG_WARN_RANGE_LOOP_ANALYSIS = YES;
				CLANG_WARN_STRICT_PROTOTYPES = YES;
				CLANG_WARN_SUSPICIOUS_MOVE = YES;
				CLANG_WARN_UNGUARDED_AVAILABILITY = YES_AGGRESSIVE;
				CLANG_WARN_UNREACHABLE_CODE = YES;
				CLANG_WARN__DUPLICATE_METHOD_MATCH = YES;
				COPY_PHASE_STRIP = NO;
				DEBUG_INFORMATION_FORMAT = "dwarf-with-dsym";
				ENABLE_NS_ASSERTIONS = NO;
				ENABLE_STRICT_OBJC_MSGSEND = YES;
				GCC_C_LANGUAGE_STANDARD = gnu11;
				GCC_NO_COMMON_BLOCKS = YES;
				GCC_WARN_64_TO_32_BIT_CONVERSION = YES;
				GCC_WARN_ABOUT_RETURN_TYPE = YES_ERROR;
				GCC_WARN_UNDECLARED_SELECTOR = YES;
				GCC_WARN_UNINITIALIZED_AUTOS = YES_AGGRESSIVE;
				GCC_WARN_UNUSED_FUNCTION = YES;
				GCC_WARN_UNUSED_VARIABLE = YES;
				IPHONEOS_DEPLOYMENT_TARGET = 16.2;
				MTL_ENABLE_DEBUG_INFO = NO;
				MTL_FAST_MATH = YES;
				SDKROOT = iphoneos;
				SWIFT_COMPILATION_MODE = wholemodule;
				SWIFT_OPTIMIZATION_LEVEL = "-O";
				VALIDATE_PRODUCT = YES;
			};
			name = Release;
		};
		F54AB22F2A1ABF9F00BFF560 /* Debug */ = {
			isa = XCBuildConfiguration;
			buildSettings = {
				ALWAYS_EMBED_SWIFT_STANDARD_LIBRARIES = YES;
				ASSETCATALOG_COMPILER_APPICON_NAME = AppIcon;
				ASSETCATALOG_COMPILER_GLOBAL_ACCENT_COLOR_NAME = AccentColor;
				CODE_SIGN_ENTITLEMENTS = WidgetTestingKit/WidgetTestingKit.entitlements;
				CODE_SIGN_STYLE = Automatic;
				CURRENT_PROJECT_VERSION = 1;
				DEVELOPMENT_ASSET_PATHS = "\"WidgetTestingKit/Preview Content\"";
				DEVELOPMENT_TEAM = NU9LYD59KJ;
				ENABLE_PREVIEWS = YES;
				GENERATE_INFOPLIST_FILE = YES;
				INFOPLIST_KEY_UIApplicationSceneManifest_Generation = YES;
				INFOPLIST_KEY_UIApplicationSupportsIndirectInputEvents = YES;
				INFOPLIST_KEY_UILaunchScreen_Generation = YES;
				INFOPLIST_KEY_UISupportedInterfaceOrientations_iPad = "UIInterfaceOrientationPortrait UIInterfaceOrientationPortraitUpsideDown UIInterfaceOrientationLandscapeLeft UIInterfaceOrientationLandscapeRight";
				INFOPLIST_KEY_UISupportedInterfaceOrientations_iPhone = "UIInterfaceOrientationPortrait UIInterfaceOrientationLandscapeLeft UIInterfaceOrientationLandscapeRight";
				LD_RUNPATH_SEARCH_PATHS = (
					"$(inherited)",
					"@executable_path/Frameworks",
				);
				MARKETING_VERSION = 1.0;
				PRODUCT_BUNDLE_IDENTIFIER = com.vladparamonov.WidgetTestingKit;
				PRODUCT_NAME = "$(TARGET_NAME)";
				SWIFT_EMIT_LOC_STRINGS = YES;
				SWIFT_VERSION = 5.0;
				TARGETED_DEVICE_FAMILY = "1,2";
			};
			name = Debug;
		};
		F54AB2302A1ABF9F00BFF560 /* Release */ = {
			isa = XCBuildConfiguration;
			buildSettings = {
				ALWAYS_EMBED_SWIFT_STANDARD_LIBRARIES = YES;
				ASSETCATALOG_COMPILER_APPICON_NAME = AppIcon;
				ASSETCATALOG_COMPILER_GLOBAL_ACCENT_COLOR_NAME = AccentColor;
				CODE_SIGN_ENTITLEMENTS = WidgetTestingKit/WidgetTestingKit.entitlements;
				CODE_SIGN_STYLE = Automatic;
				CURRENT_PROJECT_VERSION = 1;
				DEVELOPMENT_ASSET_PATHS = "\"WidgetTestingKit/Preview Content\"";
				DEVELOPMENT_TEAM = NU9LYD59KJ;
				ENABLE_PREVIEWS = YES;
				GENERATE_INFOPLIST_FILE = YES;
				INFOPLIST_KEY_UIApplicationSceneManifest_Generation = YES;
				INFOPLIST_KEY_UIApplicationSupportsIndirectInputEvents = YES;
				INFOPLIST_KEY_UILaunchScreen_Generation = YES;
				INFOPLIST_KEY_UISupportedInterfaceOrientations_iPad = "UIInterfaceOrientationPortrait UIInterfaceOrientationPortraitUpsideDown UIInterfaceOrientationLandscapeLeft UIInterfaceOrientationLandscapeRight";
				INFOPLIST_KEY_UISupportedInterfaceOrientations_iPhone = "UIInterfaceOrientationPortrait UIInterfaceOrientationLandscapeLeft UIInterfaceOrientationLandscapeRight";
				LD_RUNPATH_SEARCH_PATHS = (
					"$(inherited)",
					"@executable_path/Frameworks",
				);
				MARKETING_VERSION = 1.0;
				PRODUCT_BUNDLE_IDENTIFIER = com.vladparamonov.WidgetTestingKit;
				PRODUCT_NAME = "$(TARGET_NAME)";
				SWIFT_EMIT_LOC_STRINGS = YES;
				SWIFT_VERSION = 5.0;
				TARGETED_DEVICE_FAMILY = "1,2";
			};
			name = Release;
		};
		F54AB24A2A1AC04700BFF560 /* Debug */ = {
			isa = XCBuildConfiguration;
			buildSettings = {
				ASSETCATALOG_COMPILER_GLOBAL_ACCENT_COLOR_NAME = AccentColor;
				ASSETCATALOG_COMPILER_WIDGET_BACKGROUND_COLOR_NAME = WidgetBackground;
				CODE_SIGN_ENTITLEMENTS = WidgetExtensionExtension.entitlements;
				CODE_SIGN_STYLE = Automatic;
				CURRENT_PROJECT_VERSION = 1;
				DEVELOPMENT_TEAM = NU9LYD59KJ;
				GENERATE_INFOPLIST_FILE = YES;
				INFOPLIST_FILE = WidgetExtension/Info.plist;
				INFOPLIST_KEY_CFBundleDisplayName = WidgetExtension;
				INFOPLIST_KEY_NSHumanReadableCopyright = "";
				LD_RUNPATH_SEARCH_PATHS = (
					"$(inherited)",
					"@executable_path/Frameworks",
					"@executable_path/../../Frameworks",
				);
				MARKETING_VERSION = 1.0;
				PRODUCT_BUNDLE_IDENTIFIER = com.vladparamonov.WidgetTestingKit.WidgetExtension;
				PRODUCT_NAME = "$(TARGET_NAME)";
				SKIP_INSTALL = YES;
				SWIFT_EMIT_LOC_STRINGS = YES;
				SWIFT_VERSION = 5.0;
				TARGETED_DEVICE_FAMILY = "1,2";
			};
			name = Debug;
		};
		F54AB24B2A1AC04700BFF560 /* Release */ = {
			isa = XCBuildConfiguration;
			buildSettings = {
				ASSETCATALOG_COMPILER_GLOBAL_ACCENT_COLOR_NAME = AccentColor;
				ASSETCATALOG_COMPILER_WIDGET_BACKGROUND_COLOR_NAME = WidgetBackground;
				CODE_SIGN_ENTITLEMENTS = WidgetExtensionExtension.entitlements;
				CODE_SIGN_STYLE = Automatic;
				CURRENT_PROJECT_VERSION = 1;
				DEVELOPMENT_TEAM = NU9LYD59KJ;
				GENERATE_INFOPLIST_FILE = YES;
				INFOPLIST_FILE = WidgetExtension/Info.plist;
				INFOPLIST_KEY_CFBundleDisplayName = WidgetExtension;
				INFOPLIST_KEY_NSHumanReadableCopyright = "";
				LD_RUNPATH_SEARCH_PATHS = (
					"$(inherited)",
					"@executable_path/Frameworks",
					"@executable_path/../../Frameworks",
				);
				MARKETING_VERSION = 1.0;
				PRODUCT_BUNDLE_IDENTIFIER = com.vladparamonov.WidgetTestingKit.WidgetExtension;
				PRODUCT_NAME = "$(TARGET_NAME)";
				SKIP_INSTALL = YES;
				SWIFT_EMIT_LOC_STRINGS = YES;
				SWIFT_VERSION = 5.0;
				TARGETED_DEVICE_FAMILY = "1,2";
			};
			name = Release;
		};
		F54AB2802A1AC6BA00BFF560 /* Debug */ = {
			isa = XCBuildConfiguration;
			buildSettings = {
				CODE_SIGN_ENTITLEMENTS = IntentExtension/IntentExtension.entitlements;
				CODE_SIGN_STYLE = Automatic;
				CURRENT_PROJECT_VERSION = 1;
				DEVELOPMENT_TEAM = NU9LYD59KJ;
				GENERATE_INFOPLIST_FILE = YES;
				INFOPLIST_FILE = IntentExtension/Info.plist;
				INFOPLIST_KEY_CFBundleDisplayName = IntentExtension;
				INFOPLIST_KEY_NSHumanReadableCopyright = "";
				LD_RUNPATH_SEARCH_PATHS = (
					"$(inherited)",
					"@executable_path/Frameworks",
					"@executable_path/../../Frameworks",
				);
				MARKETING_VERSION = 1.0;
				PRODUCT_BUNDLE_IDENTIFIER = com.vladparamonov.WidgetTestingKit.IntentExtension;
				PRODUCT_NAME = "$(TARGET_NAME)";
				SKIP_INSTALL = YES;
				SWIFT_EMIT_LOC_STRINGS = YES;
				SWIFT_VERSION = 5.0;
				TARGETED_DEVICE_FAMILY = "1,2";
			};
			name = Debug;
		};
		F54AB2812A1AC6BA00BFF560 /* Release */ = {
			isa = XCBuildConfiguration;
			buildSettings = {
				CODE_SIGN_ENTITLEMENTS = IntentExtension/IntentExtension.entitlements;
				CODE_SIGN_STYLE = Automatic;
				CURRENT_PROJECT_VERSION = 1;
				DEVELOPMENT_TEAM = NU9LYD59KJ;
				GENERATE_INFOPLIST_FILE = YES;
				INFOPLIST_FILE = IntentExtension/Info.plist;
				INFOPLIST_KEY_CFBundleDisplayName = IntentExtension;
				INFOPLIST_KEY_NSHumanReadableCopyright = "";
				LD_RUNPATH_SEARCH_PATHS = (
					"$(inherited)",
					"@executable_path/Frameworks",
					"@executable_path/../../Frameworks",
				);
				MARKETING_VERSION = 1.0;
				PRODUCT_BUNDLE_IDENTIFIER = com.vladparamonov.WidgetTestingKit.IntentExtension;
				PRODUCT_NAME = "$(TARGET_NAME)";
				SKIP_INSTALL = YES;
				SWIFT_EMIT_LOC_STRINGS = YES;
				SWIFT_VERSION = 5.0;
				TARGETED_DEVICE_FAMILY = "1,2";
			};
			name = Release;
		};
/* End XCBuildConfiguration section */

/* Begin XCConfigurationList section */
		F54AB21B2A1ABF9E00BFF560 /* Build configuration list for PBXProject "WidgetTestingKit" */ = {
			isa = XCConfigurationList;
			buildConfigurations = (
				F54AB22C2A1ABF9F00BFF560 /* Debug */,
				F54AB22D2A1ABF9F00BFF560 /* Release */,
			);
			defaultConfigurationIsVisible = 0;
			defaultConfigurationName = Release;
		};
		F54AB22E2A1ABF9F00BFF560 /* Build configuration list for PBXNativeTarget "WidgetTestingKit" */ = {
			isa = XCConfigurationList;
			buildConfigurations = (
				F54AB22F2A1ABF9F00BFF560 /* Debug */,
				F54AB2302A1ABF9F00BFF560 /* Release */,
			);
			defaultConfigurationIsVisible = 0;
			defaultConfigurationName = Release;
		};
		F54AB2492A1AC04700BFF560 /* Build configuration list for PBXNativeTarget "WidgetExtensionExtension" */ = {
			isa = XCConfigurationList;
			buildConfigurations = (
				F54AB24A2A1AC04700BFF560 /* Debug */,
				F54AB24B2A1AC04700BFF560 /* Release */,
			);
			defaultConfigurationIsVisible = 0;
			defaultConfigurationName = Release;
		};
		F54AB27F2A1AC6BA00BFF560 /* Build configuration list for PBXNativeTarget "IntentExtension" */ = {
			isa = XCConfigurationList;
			buildConfigurations = (
				F54AB2802A1AC6BA00BFF560 /* Debug */,
				F54AB2812A1AC6BA00BFF560 /* Release */,
			);
			defaultConfigurationIsVisible = 0;
			defaultConfigurationName = Release;
		};
/* End XCConfigurationList section */
	};
	rootObject = F54AB2182A1ABF9E00BFF560 /* Project object */;
}
